
Microsoft Visual Studio Solution File, Format Version 12.00
# Visual Studio Version 16
VisualStudioVersion = 16.0.28922.388
MinimumVisualStudioVersion = 10.0.40219.1
Project("{9A19103F-16F7-4668-BE54-9A1E7A4F7556}") = "DesignPatternsGoF", "DesignPatternsGoF\DesignPatternsGoF.csproj", "{136ED53A-EF4A-4E58-A888-4D4E015C5679}"
EndProject
Project("{FAE04EC0-301F-11D3-BF4B-00C04F79EFBC}") = "Factories", "Factories\Factories.csproj", "{585D8514-2530-49FF-97CF-4F7C64BDC9AB}"
EndProject
Global
	GlobalSection(SolutionConfigurationPlatforms) = preSolution
		Debug|Any CPU = Debug|Any CPU
		Release|Any CPU = Release|Any CPU
	EndGlobalSection
	GlobalSection(ProjectConfigurationPlatforms) = postSolution
		{136ED53A-EF4A-4E58-A888-4D4E015C5679}.Debug|Any CPU.ActiveCfg = Debug|Any CPU
		{136ED53A-EF4A-4E58-A888-4D4E015C5679}.Debug|Any CPU.Build.0 = Debug|Any CPU
		{136ED53A-EF4A-4E58-A888-4D4E015C5679}.Release|Any CPU.ActiveCfg = Release|Any CPU
		{136ED53A-EF4A-4E58-A888-4D4E015C5679}.Release|Any CPU.Build.0 = Release|Any CPU
		{585D8514-2530-49FF-97CF-4F7C64BDC9AB}.Debug|Any CPU.ActiveCfg = Debug|Any CPU
		{585D8514-2530-49FF-97CF-4F7C64BDC9AB}.Debug|Any CPU.Build.0 = Debug|Any CPU
		{585D8514-2530-49FF-97CF-4F7C64BDC9AB}.Release|Any CPU.ActiveCfg = Release|Any CPU
		{585D8514-2530-49FF-97CF-4F7C64BDC9AB}.Release|Any CPU.Build.0 = Release|Any CPU
	EndGlobalSection
	GlobalSection(SolutionProperties) = preSolution
		HideSolutionNode = FALSE
	EndGlobalSection
	GlobalSection(ExtensibilityGlobals) = postSolution
		SolutionGuid = {133A35D2-CCE4-458A-9098-DFF0E37914D0}
	EndGlobalSection
EndGlobal
